
Microsoft Visual Studio Solution File, Format Version 12.00
# Visual Studio Version 17
VisualStudioVersion = 17.9.34622.214
MinimumVisualStudioVersion = 10.0.40219.1
Project("{FAE04EC0-301F-11D3-BF4B-00C04F79EFBC}") = "Adgangskontroll.Kortleser", "Adgangskontroll.Kortleser\Adgangskontroll.Kortleser.csproj", "{BCDFE03B-1FBB-444A-B9DD-F1FA56778486}"
EndProject
Global
	GlobalSection(SolutionConfigurationPlatforms) = preSolution
		Debug|Any CPU = Debug|Any CPU
		Release|Any CPU = Release|Any CPU
	EndGlobalSection
	GlobalSection(ProjectConfigurationPlatforms) = postSolution
		{BCDFE03B-1FBB-444A-B9DD-F1FA56778486}.Debug|Any CPU.ActiveCfg = Debug|Any CPU
		{BCDFE03B-1FBB-444A-B9DD-F1FA56778486}.Debug|Any CPU.Build.0 = Debug|Any CPU
		{BCDFE03B-1FBB-444A-B9DD-F1FA56778486}.Release|Any CPU.ActiveCfg = Release|Any CPU
		{BCDFE03B-1FBB-444A-B9DD-F1FA56778486}.Release|Any CPU.Build.0 = Release|Any CPU
	EndGlobalSection
	GlobalSection(SolutionProperties) = preSolution
		HideSolutionNode = FALSE
	EndGlobalSection
	GlobalSection(ExtensibilityGlobals) = postSolution
		SolutionGuid = {819E4894-E38A-44A5-9CC2-74BC11E1BFF7}
	EndGlobalSection
EndGlobal
